
Microsoft Visual Studio Solution File, Format Version 12.00
# Visual Studio Version 17
VisualStudioVersion = 17.4.33122.133
MinimumVisualStudioVersion = 10.0.40219.1
Project("{FAE04EC0-301F-11D3-BF4B-00C04F79EFBC}") = "ApiRpg", "ApiRpg\ApiRpg.csproj", "{A173C393-521A-47FD-AC26-A32BD045DA8F}"
EndProject
Global
	GlobalSection(SolutionConfigurationPlatforms) = preSolution
		Debug|Any CPU = Debug|Any CPU
		Release|Any CPU = Release|Any CPU
	EndGlobalSection
	GlobalSection(ProjectConfigurationPlatforms) = postSolution
		{A173C393-521A-47FD-AC26-A32BD045DA8F}.Debug|Any CPU.ActiveCfg = Debug|Any CPU
		{A173C393-521A-47FD-AC26-A32BD045DA8F}.Debug|Any CPU.Build.0 = Debug|Any CPU
		{A173C393-521A-47FD-AC26-A32BD045DA8F}.Release|Any CPU.ActiveCfg = Release|Any CPU
		{A173C393-521A-47FD-AC26-A32BD045DA8F}.Release|Any CPU.Build.0 = Release|Any CPU
	EndGlobalSection
	GlobalSection(SolutionProperties) = preSolution
		HideSolutionNode = FALSE
	EndGlobalSection
	GlobalSection(ExtensibilityGlobals) = postSolution
		SolutionGuid = {B26C3DE5-2680-4EB8-B369-676F3D97F6D8}
	EndGlobalSection
EndGlobal
